
Microsoft Visual Studio Solution File, Format Version 12.00
# Visual Studio Version 16
VisualStudioVersion = 16.0.32602.291
MinimumVisualStudioVersion = 10.0.40219.1
Project("{FAE04EC0-301F-11D3-BF4B-00C04F79EFBC}") = "JenkinsApp", "JenkinsApp\JenkinsApp.csproj", "{F87C3E3F-F704-46EC-A4B2-51CDAEC76FCB}"
EndProject
Global
	GlobalSection(SolutionConfigurationPlatforms) = preSolution
		Debug|Any CPU = Debug|Any CPU
		Release|Any CPU = Release|Any CPU
	EndGlobalSection
	GlobalSection(ProjectConfigurationPlatforms) = postSolution
		{F87C3E3F-F704-46EC-A4B2-51CDAEC76FCB}.Debug|Any CPU.ActiveCfg = Debug|Any CPU
		{F87C3E3F-F704-46EC-A4B2-51CDAEC76FCB}.Debug|Any CPU.Build.0 = Debug|Any CPU
		{F87C3E3F-F704-46EC-A4B2-51CDAEC76FCB}.Release|Any CPU.ActiveCfg = Release|Any CPU
		{F87C3E3F-F704-46EC-A4B2-51CDAEC76FCB}.Release|Any CPU.Build.0 = Release|Any CPU
	EndGlobalSection
	GlobalSection(SolutionProperties) = preSolution
		HideSolutionNode = FALSE
	EndGlobalSection
	GlobalSection(ExtensibilityGlobals) = postSolution
		SolutionGuid = {8F02203C-27F9-49DC-8770-6F9FED6ADF2A}
	EndGlobalSection
EndGlobal
